{
  "requires": true,
  "lockfileVersion": 1,
  "dependencies": {
    "regenerator-runtime": {
      "version": "0.13.7",
      "resolved": "https://registry.npmjs.org/regenerator-runtime/-/regenerator-runtime-0.13.7.tgz",
      "integrity": "sha512-a54FxoJDIr27pgf7IgeQGxmqUNYrcV338lf/6gH456HZ/PhX+5BcwHXG9ajESmwe6WRO0tAzRUrRmNONWgkrew=="
    },
    "three": {
      "version": "0.120.1",
      "resolved": "https://registry.npmjs.org/three/-/three-0.120.1.tgz",
      "integrity": "sha512-ktaCRFUR7JUZcKec+cBRz+oBex5pOVaJhrtxvFF2T7on53o9UkEux+/Nh1g/4zeb4t/pbxIFcADbn/ACu3LC1g=="
    }
  }
}
